
Microsoft Visual Studio Solution File, Format Version 12.00
# Visual Studio 15
VisualStudioVersion = 15.0.27703.2042
MinimumVisualStudioVersion = 10.0.40219.1
Project("{FAE04EC0-301F-11D3-BF4B-00C04F79EFBC}") = "FacadeExample", "FacadeExample\FacadeExample.csproj", "{2B1B1427-773C-47CF-98B6-86E60DC24499}"
EndProject
Project("{FAE04EC0-301F-11D3-BF4B-00C04F79EFBC}") = "AdapterExample", "AdapterExample\AdapterExample.csproj", "{6E0D720A-F6D7-4737-A014-F3F7A1F99953}"
EndProject
Project("{FAE04EC0-301F-11D3-BF4B-00C04F79EFBC}") = "SingletonSample", "SingletonSample\SingletonSample.csproj", "{5830DEA3-7B20-47AE-9BCD-5C4A0242F43F}"
EndProject
Project("{FAE04EC0-301F-11D3-BF4B-00C04F79EFBC}") = "ChainOfResponsibility", "ChainOfResponsibility\ChainOfResponsibility.csproj", "{26595D13-67F2-476B-9DF9-B3BD43EC2B5B}"
EndProject
Project("{FAE04EC0-301F-11D3-BF4B-00C04F79EFBC}") = "SimpleFactryExample", "SimpleFactryExample\SimpleFactryExample.csproj", "{EB85139B-EC4B-425A-809C-72A9AB042EBB}"
EndProject
Global
	GlobalSection(SolutionConfigurationPlatforms) = preSolution
		Debug|Any CPU = Debug|Any CPU
		Release|Any CPU = Release|Any CPU
	EndGlobalSection
	GlobalSection(ProjectConfigurationPlatforms) = postSolution
		{2B1B1427-773C-47CF-98B6-86E60DC24499}.Debug|Any CPU.ActiveCfg = Debug|Any CPU
		{2B1B1427-773C-47CF-98B6-86E60DC24499}.Debug|Any CPU.Build.0 = Debug|Any CPU
		{2B1B1427-773C-47CF-98B6-86E60DC24499}.Release|Any CPU.ActiveCfg = Release|Any CPU
		{2B1B1427-773C-47CF-98B6-86E60DC24499}.Release|Any CPU.Build.0 = Release|Any CPU
		{6E0D720A-F6D7-4737-A014-F3F7A1F99953}.Debug|Any CPU.ActiveCfg = Debug|Any CPU
		{6E0D720A-F6D7-4737-A014-F3F7A1F99953}.Debug|Any CPU.Build.0 = Debug|Any CPU
		{6E0D720A-F6D7-4737-A014-F3F7A1F99953}.Release|Any CPU.ActiveCfg = Release|Any CPU
		{6E0D720A-F6D7-4737-A014-F3F7A1F99953}.Release|Any CPU.Build.0 = Release|Any CPU
		{5830DEA3-7B20-47AE-9BCD-5C4A0242F43F}.Debug|Any CPU.ActiveCfg = Debug|Any CPU
		{5830DEA3-7B20-47AE-9BCD-5C4A0242F43F}.Debug|Any CPU.Build.0 = Debug|Any CPU
		{5830DEA3-7B20-47AE-9BCD-5C4A0242F43F}.Release|Any CPU.ActiveCfg = Release|Any CPU
		{5830DEA3-7B20-47AE-9BCD-5C4A0242F43F}.Release|Any CPU.Build.0 = Release|Any CPU
		{26595D13-67F2-476B-9DF9-B3BD43EC2B5B}.Debug|Any CPU.ActiveCfg = Debug|Any CPU
		{26595D13-67F2-476B-9DF9-B3BD43EC2B5B}.Debug|Any CPU.Build.0 = Debug|Any CPU
		{26595D13-67F2-476B-9DF9-B3BD43EC2B5B}.Release|Any CPU.ActiveCfg = Release|Any CPU
		{26595D13-67F2-476B-9DF9-B3BD43EC2B5B}.Release|Any CPU.Build.0 = Release|Any CPU
		{EB85139B-EC4B-425A-809C-72A9AB042EBB}.Debug|Any CPU.ActiveCfg = Debug|Any CPU
		{EB85139B-EC4B-425A-809C-72A9AB042EBB}.Debug|Any CPU.Build.0 = Debug|Any CPU
		{EB85139B-EC4B-425A-809C-72A9AB042EBB}.Release|Any CPU.ActiveCfg = Release|Any CPU
		{EB85139B-EC4B-425A-809C-72A9AB042EBB}.Release|Any CPU.Build.0 = Release|Any CPU
	EndGlobalSection
	GlobalSection(SolutionProperties) = preSolution
		HideSolutionNode = FALSE
	EndGlobalSection
	GlobalSection(ExtensibilityGlobals) = postSolution
		SolutionGuid = {FE061AE2-9B5D-46BE-8786-74B7779BB62F}
	EndGlobalSection
EndGlobal
