
Microsoft Visual Studio Solution File, Format Version 12.00
# Visual Studio 15
VisualStudioVersion = 15.0.27703.2042
MinimumVisualStudioVersion = 10.0.40219.1
Project("{FAE04EC0-301F-11D3-BF4B-00C04F79EFBC}") = "FacadeExample", "FacadeExample\FacadeExample.csproj", "{2B1B1427-773C-47CF-98B6-86E60DC24499}"
EndProject
Global
	GlobalSection(SolutionConfigurationPlatforms) = preSolution
		Debug|Any CPU = Debug|Any CPU
		Release|Any CPU = Release|Any CPU
	EndGlobalSection
	GlobalSection(ProjectConfigurationPlatforms) = postSolution
		{2B1B1427-773C-47CF-98B6-86E60DC24499}.Debug|Any CPU.ActiveCfg = Debug|Any CPU
		{2B1B1427-773C-47CF-98B6-86E60DC24499}.Debug|Any CPU.Build.0 = Debug|Any CPU
		{2B1B1427-773C-47CF-98B6-86E60DC24499}.Release|Any CPU.ActiveCfg = Release|Any CPU
		{2B1B1427-773C-47CF-98B6-86E60DC24499}.Release|Any CPU.Build.0 = Release|Any CPU
	EndGlobalSection
	GlobalSection(SolutionProperties) = preSolution
		HideSolutionNode = FALSE
	EndGlobalSection
	GlobalSection(ExtensibilityGlobals) = postSolution
		SolutionGuid = {FE061AE2-9B5D-46BE-8786-74B7779BB62F}
	EndGlobalSection
EndGlobal
