
Microsoft Visual Studio Solution File, Format Version 12.00
# Visual Studio 15
VisualStudioVersion = 15.0.27703.2042
MinimumVisualStudioVersion = 10.0.40219.1
Project("{2150E333-8FDC-42A3-9474-1A3956D46DE8}") = "Oberserver", "Oberserver", "{28E278BF-532C-4696-ADCD-AF932FD6D0A6}"
EndProject
Project("{2150E333-8FDC-42A3-9474-1A3956D46DE8}") = "ObserverSample002", "ObserverSample002", "{BE2314E7-BA21-485C-93F1-F4BE48AF0E5D}"
EndProject
Project("{2150E333-8FDC-42A3-9474-1A3956D46DE8}") = "ObserverSample003", "ObserverSample003", "{D4C1F96A-0A82-4C7C-94FD-0EC6379F1092}"
EndProject
Project("{2150E333-8FDC-42A3-9474-1A3956D46DE8}") = "ObserverSample001", "ObserverSample001", "{DBE5B71C-6189-4BFC-8608-B1E610B896B9}"
EndProject
Project("{FAE04EC0-301F-11D3-BF4B-00C04F79EFBC}") = "ObserverSample001", "ObserverSample001\ObserverSample001.csproj", "{B3CBC0A6-1089-47B2-BFCA-3739FF49A215}"
EndProject
Project("{FAE04EC0-301F-11D3-BF4B-00C04F79EFBC}") = "ObserverSample002", "ObserverSample002\ObserverSample002.csproj", "{43F337AF-EB3E-4FD9-BAFE-2EC7D739D9D7}"
EndProject
Project("{FAE04EC0-301F-11D3-BF4B-00C04F79EFBC}") = "ObserverSampleLibrary002", "ObserverSampleLibrary002\ObserverSampleLibrary002.csproj", "{2F19FC5B-E034-4C03-AD11-45DF9AE9549D}"
EndProject
Project("{2150E333-8FDC-42A3-9474-1A3956D46DE8}") = "ObserverSample004", "ObserverSample004", "{AA2AE231-3270-4CCC-90CA-D3AA4DFB3841}"
EndProject
Project("{2150E333-8FDC-42A3-9474-1A3956D46DE8}") = "ObserverSample005", "ObserverSample005", "{CC0946BA-E419-4771-A531-2FDF15995D84}"
EndProject
Project("{2150E333-8FDC-42A3-9474-1A3956D46DE8}") = "ObserverSample006", "ObserverSample006", "{E44B023C-DA8F-4183-9CD5-BCB8BA6CAB7B}"
EndProject
Project("{FAE04EC0-301F-11D3-BF4B-00C04F79EFBC}") = "ObserverSample003", "ObserverSample003\ObserverSample003.csproj", "{D0E88D3E-0AF1-4F33-AD21-DC9E7374948D}"
EndProject
Project("{FAE04EC0-301F-11D3-BF4B-00C04F79EFBC}") = "ObserverSampleLibrary003", "ObserverSampleLibrary003\ObserverSampleLibrary003.csproj", "{5105D7C7-7412-42D7-B94D-BCF91E66A14E}"
EndProject
Project("{FAE04EC0-301F-11D3-BF4B-00C04F79EFBC}") = "ObserverSample004", "ObserverSample004\ObserverSample004.csproj", "{C36C3B4E-97D8-4265-A18A-7F3319FEBA39}"
EndProject
Project("{FAE04EC0-301F-11D3-BF4B-00C04F79EFBC}") = "ObserverSampleLibrary004", "ObserverSampleLibrary004\ObserverSampleLibrary004.csproj", "{A68626FA-A3F2-4A94-8C00-AA8CCF662878}"
EndProject
Project("{FAE04EC0-301F-11D3-BF4B-00C04F79EFBC}") = "ObserverSample005", "ObserverSample005\ObserverSample005.csproj", "{C4CE40E3-A05D-465F-A114-7C047CF5E65C}"
EndProject
Project("{FAE04EC0-301F-11D3-BF4B-00C04F79EFBC}") = "ObserverSampleLibrary005", "ObserverSampleLibrary005\ObserverSampleLibrary005.csproj", "{1244D227-D6E8-4442-B9DC-E40AEDA8AEB3}"
EndProject
Project("{FAE04EC0-301F-11D3-BF4B-00C04F79EFBC}") = "ObserverSample006", "ObserverSample006\ObserverSample006.csproj", "{EA624B97-A454-4F55-ABB6-FC3A17A0B976}"
EndProject
Project("{FAE04EC0-301F-11D3-BF4B-00C04F79EFBC}") = "ObserverSampleLibrary006", "ObserverSampleLibrary006\ObserverSampleLibrary006.csproj", "{E70B8CC6-0078-46A2-9162-765EE7BEE7B0}"
EndProject
Project("{2150E333-8FDC-42A3-9474-1A3956D46DE8}") = "Vistor", "Vistor", "{BC7833C3-3672-4BE9-8E11-8EEE14ADF585}"
EndProject
Project("{FAE04EC0-301F-11D3-BF4B-00C04F79EFBC}") = "VistorSample001", "VistorSample001\VistorSample001.csproj", "{D99C4C1B-BE97-4D43-B7DB-DC7914217DB9}"
EndProject
Project("{2150E333-8FDC-42A3-9474-1A3956D46DE8}") = "Mediator", "Mediator", "{8436A0AA-4321-40FB-842A-7CD8D1EF7185}"
EndProject
Project("{FAE04EC0-301F-11D3-BF4B-00C04F79EFBC}") = "MediatorSample001", "MediatorSample001\MediatorSample001.csproj", "{EB8C9AE4-EA4B-4898-8D9D-DFC770866282}"
EndProject
Project("{FAE04EC0-301F-11D3-BF4B-00C04F79EFBC}") = "MediatorSample002", "MediatorSample002\MediatorSample002.csproj", "{48C31158-946E-4AA3-ACA8-42746781FA96}"
EndProject
Project("{2150E333-8FDC-42A3-9474-1A3956D46DE8}") = "Facade", "Facade", "{11C7ED4A-C495-40D1-B5AF-26656B9D2EE7}"
EndProject
Project("{FAE04EC0-301F-11D3-BF4B-00C04F79EFBC}") = "FacadeSample001", "FacadeSample001\FacadeSample001.csproj", "{38705388-AA5C-45E2-A410-25E0A02A853B}"
EndProject
Project("{2150E333-8FDC-42A3-9474-1A3956D46DE8}") = "Adapter", "Adapter", "{D158E845-51F7-4564-8AD1-AECFB8891B7E}"
EndProject
Project("{FAE04EC0-301F-11D3-BF4B-00C04F79EFBC}") = "AdapterSample001", "AdapterSample001\AdapterSample001.csproj", "{07903F45-FC1E-42D7-A250-5D426EE57B80}"
EndProject
Project("{2150E333-8FDC-42A3-9474-1A3956D46DE8}") = "Singleton", "Singleton", "{88D33703-09FC-4121-B04D-DA8218C131E6}"
EndProject
Project("{FAE04EC0-301F-11D3-BF4B-00C04F79EFBC}") = "SingletonSample001", "SingletonSample001\SingletonSample001.csproj", "{1D56774B-15FB-43D1-88C0-DE236FBC8113}"
EndProject
Project("{2150E333-8FDC-42A3-9474-1A3956D46DE8}") = "FactoryMethod", "FactoryMethod", "{FD505E28-1072-416A-95FD-DD058233F0DA}"
EndProject
Project("{FAE04EC0-301F-11D3-BF4B-00C04F79EFBC}") = "FactoryMethodSample001", "FactoryMethodSample001\FactoryMethodSample001.csproj", "{46BD078D-FD39-41D2-B4BB-B97EF2427A03}"
EndProject
Project("{FAE04EC0-301F-11D3-BF4B-00C04F79EFBC}") = "FactoryMethodSample002", "FactoryMethodSample002\FactoryMethodSample002.csproj", "{A33B33A2-5351-4094-9734-FDC4D7C6EE51}"
EndProject
Project("{2150E333-8FDC-42A3-9474-1A3956D46DE8}") = "SimpleFactory", "SimpleFactory", "{1353FB95-F35D-4686-922A-66533B57C677}"
EndProject
Project("{FAE04EC0-301F-11D3-BF4B-00C04F79EFBC}") = "SimpleFactorySample001", "SimpleFactorySample001\SimpleFactorySample001.csproj", "{5A762945-610E-4CCF-AB0F-65BC2F79FB22}"
EndProject
Project("{FAE04EC0-301F-11D3-BF4B-00C04F79EFBC}") = "SimpleFactorySample002", "SimpleFactorySample002\SimpleFactorySample002.csproj", "{2DD2B9F7-0CBC-41B8-B356-EEB45C1FB0FD}"
EndProject
Project("{FAE04EC0-301F-11D3-BF4B-00C04F79EFBC}") = "SimpleFactorySample003", "SimpleFactorySample003\SimpleFactorySample003.csproj", "{FACA8B65-4EE8-4007-9AB3-62DC8828022C}"
EndProject
Project("{FAE04EC0-301F-11D3-BF4B-00C04F79EFBC}") = "SingletonSample002_RegistryOfSingleton", "SingletonSample002_RegistryOfSingleton\SingletonSample002_RegistryOfSingleton.csproj", "{EBFABB95-C8E3-4ABA-9B25-59C81241A071}"
EndProject
Project("{2150E333-8FDC-42A3-9474-1A3956D46DE8}") = "AbstractFactory", "AbstractFactory", "{ABCBA1BF-77F3-43AE-8628-3501B6CCD9CF}"
EndProject
Project("{FAE04EC0-301F-11D3-BF4B-00C04F79EFBC}") = "AbstractFactorySample001", "AbstractFactorySample001\AbstractFactorySample001.csproj", "{68E65AF0-BC9D-4C04-BB6C-B61422442551}"
EndProject
Project("{2150E333-8FDC-42A3-9474-1A3956D46DE8}") = "ChainOfResponsibility", "ChainOfResponsibility", "{114EAEC4-8037-4C6F-807C-A5A0E5145A5F}"
EndProject
Project("{FAE04EC0-301F-11D3-BF4B-00C04F79EFBC}") = "CorSample001_Original", "CorSample001_Original\CorSample001_Original.csproj", "{AF553B1B-9094-4AEA-BED9-5854672252F6}"
EndProject
Project("{FAE04EC0-301F-11D3-BF4B-00C04F79EFBC}") = "CorSample002", "CorSample002\CorSample002.csproj", "{74D8D0C5-6BD7-430E-8FB8-71EE721F295D}"
EndProject
Project("{FAE04EC0-301F-11D3-BF4B-00C04F79EFBC}") = "CorSample003_Delegate", "CorSample003_Delegate\CorSample003_Delegate.csproj", "{D38A5C0E-51A5-401A-A809-8E214058EEC2}"
EndProject
Project("{FAE04EC0-301F-11D3-BF4B-00C04F79EFBC}") = "CorFakeData", "CorFakeData\CorFakeData.csproj", "{DC0D49DB-1013-4B7A-8F78-558AACA32613}"
EndProject
Project("{2150E333-8FDC-42A3-9474-1A3956D46DE8}") = "Bridge", "Bridge", "{E1D282F1-276F-410B-B866-4E4503AE134B}"
EndProject
Project("{FAE04EC0-301F-11D3-BF4B-00C04F79EFBC}") = "BridgeSample001", "BridgeSample001\BridgeSample001.csproj", "{045CC05C-C9C8-4C9C-801A-73FF84F9ACA0}"
EndProject
Project("{2150E333-8FDC-42A3-9474-1A3956D46DE8}") = "Iterator", "Iterator", "{6742B29C-4423-4A99-BCD1-FF014469A133}"
EndProject
Project("{FAE04EC0-301F-11D3-BF4B-00C04F79EFBC}") = "IteratorSample001", "IteratorSample001\IteratorSample001.csproj", "{E39CC1E5-F8BF-49FA-BB9E-CAA88E26C308}"
EndProject
Project("{FAE04EC0-301F-11D3-BF4B-00C04F79EFBC}") = "IteratorSample002", "IteratorSample002\IteratorSample002.csproj", "{E385AE19-2ED7-45A9-BD8F-514ED7A57B54}"
EndProject
Project("{FAE04EC0-301F-11D3-BF4B-00C04F79EFBC}") = "IteratorSample003", "IteratorSample003\IteratorSample003.csproj", "{387AD8EC-4AA7-45C8-B5FD-728605927664}"
EndProject
Project("{2150E333-8FDC-42A3-9474-1A3956D46DE8}") = "Builder", "Builder", "{0448EA1C-5F38-4A61-97B5-4A583F441A24}"
EndProject
Project("{FAE04EC0-301F-11D3-BF4B-00C04F79EFBC}") = "BuilderSample001", "BuilderSample001\BuilderSample001.csproj", "{3B12E779-295A-4FDB-9088-839BA48B0104}"
EndProject
Project("{2150E333-8FDC-42A3-9474-1A3956D46DE8}") = "Proxy", "Proxy", "{287FD755-3171-450C-9B5D-7A8F4D68EF48}"
EndProject
Project("{FAE04EC0-301F-11D3-BF4B-00C04F79EFBC}") = "ProxySample001", "ProxySample001\ProxySample001.csproj", "{56F0B64F-0A8E-454A-9FAB-D9742981B0C7}"
EndProject
Project("{2150E333-8FDC-42A3-9474-1A3956D46DE8}") = "Prototype", "Prototype", "{8B91892F-DDC9-46B2-B90A-E01ACCE8450E}"
EndProject
Project("{FAE04EC0-301F-11D3-BF4B-00C04F79EFBC}") = "PrototypeSample001", "PrototypeSample001\PrototypeSample001.csproj", "{3957D48C-E05D-4375-A8B0-F7EC566696E1}"
EndProject
Project("{FAE04EC0-301F-11D3-BF4B-00C04F79EFBC}") = "PrototypeSample002", "PrototypeSample002\PrototypeSample002.csproj", "{48FCC76E-0536-43A9-9480-1EB277A7B350}"
EndProject
Project("{FAE04EC0-301F-11D3-BF4B-00C04F79EFBC}") = "PrototypeSample003", "PrototypeSample003\PrototypeSample003.csproj", "{5B1E5B32-3461-4F72-B70D-CD11551A6731}"
EndProject
Project("{FAE04EC0-301F-11D3-BF4B-00C04F79EFBC}") = "PrototypeSample004", "PrototypeSample004\PrototypeSample004.csproj", "{21FDA745-A1F8-4647-B424-FC5DD5679BD5}"
EndProject
Project("{FAE04EC0-301F-11D3-BF4B-00C04F79EFBC}") = "PrototypeSample005", "PrototypeSample005\PrototypeSample005.csproj", "{1D607AC2-2BA5-42F9-9E57-6E70A7C5F57A}"
EndProject
Project("{FAE04EC0-301F-11D3-BF4B-00C04F79EFBC}") = "PrototypeSample006", "PrototypeSample006\PrototypeSample006.csproj", "{6FB4061F-055E-4D90-92C2-E2BE6801D94F}"
EndProject
Project("{2150E333-8FDC-42A3-9474-1A3956D46DE8}") = "Strategy", "Strategy", "{72F5B996-4A96-4875-B38A-CEE4A1A79931}"
EndProject
Project("{FAE04EC0-301F-11D3-BF4B-00C04F79EFBC}") = "StrategySample001", "StrategySample001\StrategySample001.csproj", "{4E0C59B5-2891-495A-939B-729C3BF46C3E}"
EndProject
Project("{FAE04EC0-301F-11D3-BF4B-00C04F79EFBC}") = "StrategySample002", "StrategySample002\StrategySample002.csproj", "{D8D64B22-5D76-46DA-8CE8-9C0D4C099023}"
EndProject
Project("{FAE04EC0-301F-11D3-BF4B-00C04F79EFBC}") = "StrategySample003", "StrategySample003\StrategySample003.csproj", "{A44BF1FB-ABF2-49CC-A0A7-6131DF7CB6D7}"
EndProject
Project("{2150E333-8FDC-42A3-9474-1A3956D46DE8}") = "Command", "Command", "{EBC35159-1D77-4A90-948F-D3F493349338}"
EndProject
Project("{FAE04EC0-301F-11D3-BF4B-00C04F79EFBC}") = "CommandSample001", "CommandSample001\CommandSample001.csproj", "{AF5309E1-8B75-4C1F-A32C-C234EA65AEE5}"
EndProject
Project("{2150E333-8FDC-42A3-9474-1A3956D46DE8}") = "Template", "Template", "{9E306FC6-619B-47A7-B1EB-BEC4523911BA}"
EndProject
Project("{FAE04EC0-301F-11D3-BF4B-00C04F79EFBC}") = "TemplateSample001", "TemplateSample001\TemplateSample001.csproj", "{56FBB251-58E1-450D-BD28-225F3837E679}"
EndProject
Project("{FAE04EC0-301F-11D3-BF4B-00C04F79EFBC}") = "TemplateSample002_Delegate", "TemplateSample002_Delegate\TemplateSample002_Delegate.csproj", "{AFAE86F3-394F-4E4E-BC5A-6B412CBF4296}"
EndProject
Project("{2150E333-8FDC-42A3-9474-1A3956D46DE8}") = "State", "State", "{C02CE1FE-AB1F-4391-9AFD-6FF64DBB828C}"
EndProject
Project("{FAE04EC0-301F-11D3-BF4B-00C04F79EFBC}") = "StateSample001", "StateSample001\StateSample001.csproj", "{9FC99B26-D2D0-42ED-B1D0-AA3285B9155D}"
EndProject
Project("{FAE04EC0-301F-11D3-BF4B-00C04F79EFBC}") = "StateSample002", "StateSample002\StateSample002.csproj", "{6813237E-A0C3-42D7-A77C-D9D41202AB6D}"
EndProject
Project("{FAE04EC0-301F-11D3-BF4B-00C04F79EFBC}") = "StateSample003", "StateSample003\StateSample003.csproj", "{0763FEF3-543F-4668-B66A-EDA4DFA66F16}"
EndProject
Project("{2150E333-8FDC-42A3-9474-1A3956D46DE8}") = "Decorator", "Decorator", "{99F06F34-E19D-4EC8-9C63-72657886589C}"
EndProject
Project("{FAE04EC0-301F-11D3-BF4B-00C04F79EFBC}") = "DecoratorSample001", "DecoratorSample001\DecoratorSample001.csproj", "{FB8849E3-55C6-4AA7-BCA9-DEAB2D006D94}"
EndProject
Project("{2150E333-8FDC-42A3-9474-1A3956D46DE8}") = "Momento", "Momento", "{142E34BB-CD82-4C6F-8035-FAC5963B751E}"
EndProject
Project("{FAE04EC0-301F-11D3-BF4B-00C04F79EFBC}") = "MomentoSample001", "MomentoSample001\MomentoSample001.csproj", "{8023B115-F1A9-461B-8BB8-AB23DEF9D9FF}"
EndProject
Project("{FAE04EC0-301F-11D3-BF4B-00C04F79EFBC}") = "PrototypeSample007_Extension", "PrototypeSample007_Extension\PrototypeSample007_Extension.csproj", "{48E76BC4-8182-4138-B690-C47B8080D3B9}"
EndProject
Global
	GlobalSection(SolutionConfigurationPlatforms) = preSolution
		Debug|Any CPU = Debug|Any CPU
		Release|Any CPU = Release|Any CPU
	EndGlobalSection
	GlobalSection(ProjectConfigurationPlatforms) = postSolution
		{B3CBC0A6-1089-47B2-BFCA-3739FF49A215}.Debug|Any CPU.ActiveCfg = Debug|Any CPU
		{B3CBC0A6-1089-47B2-BFCA-3739FF49A215}.Debug|Any CPU.Build.0 = Debug|Any CPU
		{B3CBC0A6-1089-47B2-BFCA-3739FF49A215}.Release|Any CPU.ActiveCfg = Release|Any CPU
		{B3CBC0A6-1089-47B2-BFCA-3739FF49A215}.Release|Any CPU.Build.0 = Release|Any CPU
		{43F337AF-EB3E-4FD9-BAFE-2EC7D739D9D7}.Debug|Any CPU.ActiveCfg = Debug|Any CPU
		{43F337AF-EB3E-4FD9-BAFE-2EC7D739D9D7}.Debug|Any CPU.Build.0 = Debug|Any CPU
		{43F337AF-EB3E-4FD9-BAFE-2EC7D739D9D7}.Release|Any CPU.ActiveCfg = Release|Any CPU
		{43F337AF-EB3E-4FD9-BAFE-2EC7D739D9D7}.Release|Any CPU.Build.0 = Release|Any CPU
		{2F19FC5B-E034-4C03-AD11-45DF9AE9549D}.Debug|Any CPU.ActiveCfg = Debug|Any CPU
		{2F19FC5B-E034-4C03-AD11-45DF9AE9549D}.Debug|Any CPU.Build.0 = Debug|Any CPU
		{2F19FC5B-E034-4C03-AD11-45DF9AE9549D}.Release|Any CPU.ActiveCfg = Release|Any CPU
		{2F19FC5B-E034-4C03-AD11-45DF9AE9549D}.Release|Any CPU.Build.0 = Release|Any CPU
		{D0E88D3E-0AF1-4F33-AD21-DC9E7374948D}.Debug|Any CPU.ActiveCfg = Debug|Any CPU
		{D0E88D3E-0AF1-4F33-AD21-DC9E7374948D}.Debug|Any CPU.Build.0 = Debug|Any CPU
		{D0E88D3E-0AF1-4F33-AD21-DC9E7374948D}.Release|Any CPU.ActiveCfg = Release|Any CPU
		{D0E88D3E-0AF1-4F33-AD21-DC9E7374948D}.Release|Any CPU.Build.0 = Release|Any CPU
		{5105D7C7-7412-42D7-B94D-BCF91E66A14E}.Debug|Any CPU.ActiveCfg = Debug|Any CPU
		{5105D7C7-7412-42D7-B94D-BCF91E66A14E}.Debug|Any CPU.Build.0 = Debug|Any CPU
		{5105D7C7-7412-42D7-B94D-BCF91E66A14E}.Release|Any CPU.ActiveCfg = Release|Any CPU
		{5105D7C7-7412-42D7-B94D-BCF91E66A14E}.Release|Any CPU.Build.0 = Release|Any CPU
		{C36C3B4E-97D8-4265-A18A-7F3319FEBA39}.Debug|Any CPU.ActiveCfg = Debug|Any CPU
		{C36C3B4E-97D8-4265-A18A-7F3319FEBA39}.Debug|Any CPU.Build.0 = Debug|Any CPU
		{C36C3B4E-97D8-4265-A18A-7F3319FEBA39}.Release|Any CPU.ActiveCfg = Release|Any CPU
		{C36C3B4E-97D8-4265-A18A-7F3319FEBA39}.Release|Any CPU.Build.0 = Release|Any CPU
		{A68626FA-A3F2-4A94-8C00-AA8CCF662878}.Debug|Any CPU.ActiveCfg = Debug|Any CPU
		{A68626FA-A3F2-4A94-8C00-AA8CCF662878}.Debug|Any CPU.Build.0 = Debug|Any CPU
		{A68626FA-A3F2-4A94-8C00-AA8CCF662878}.Release|Any CPU.ActiveCfg = Release|Any CPU
		{A68626FA-A3F2-4A94-8C00-AA8CCF662878}.Release|Any CPU.Build.0 = Release|Any CPU
		{C4CE40E3-A05D-465F-A114-7C047CF5E65C}.Debug|Any CPU.ActiveCfg = Debug|Any CPU
		{C4CE40E3-A05D-465F-A114-7C047CF5E65C}.Debug|Any CPU.Build.0 = Debug|Any CPU
		{C4CE40E3-A05D-465F-A114-7C047CF5E65C}.Release|Any CPU.ActiveCfg = Release|Any CPU
		{C4CE40E3-A05D-465F-A114-7C047CF5E65C}.Release|Any CPU.Build.0 = Release|Any CPU
		{1244D227-D6E8-4442-B9DC-E40AEDA8AEB3}.Debug|Any CPU.ActiveCfg = Debug|Any CPU
		{1244D227-D6E8-4442-B9DC-E40AEDA8AEB3}.Debug|Any CPU.Build.0 = Debug|Any CPU
		{1244D227-D6E8-4442-B9DC-E40AEDA8AEB3}.Release|Any CPU.ActiveCfg = Release|Any CPU
		{1244D227-D6E8-4442-B9DC-E40AEDA8AEB3}.Release|Any CPU.Build.0 = Release|Any CPU
		{EA624B97-A454-4F55-ABB6-FC3A17A0B976}.Debug|Any CPU.ActiveCfg = Debug|Any CPU
		{EA624B97-A454-4F55-ABB6-FC3A17A0B976}.Debug|Any CPU.Build.0 = Debug|Any CPU
		{EA624B97-A454-4F55-ABB6-FC3A17A0B976}.Release|Any CPU.ActiveCfg = Release|Any CPU
		{EA624B97-A454-4F55-ABB6-FC3A17A0B976}.Release|Any CPU.Build.0 = Release|Any CPU
		{E70B8CC6-0078-46A2-9162-765EE7BEE7B0}.Debug|Any CPU.ActiveCfg = Debug|Any CPU
		{E70B8CC6-0078-46A2-9162-765EE7BEE7B0}.Debug|Any CPU.Build.0 = Debug|Any CPU
		{E70B8CC6-0078-46A2-9162-765EE7BEE7B0}.Release|Any CPU.ActiveCfg = Release|Any CPU
		{E70B8CC6-0078-46A2-9162-765EE7BEE7B0}.Release|Any CPU.Build.0 = Release|Any CPU
		{D99C4C1B-BE97-4D43-B7DB-DC7914217DB9}.Debug|Any CPU.ActiveCfg = Debug|Any CPU
		{D99C4C1B-BE97-4D43-B7DB-DC7914217DB9}.Debug|Any CPU.Build.0 = Debug|Any CPU
		{D99C4C1B-BE97-4D43-B7DB-DC7914217DB9}.Release|Any CPU.ActiveCfg = Release|Any CPU
		{D99C4C1B-BE97-4D43-B7DB-DC7914217DB9}.Release|Any CPU.Build.0 = Release|Any CPU
		{EB8C9AE4-EA4B-4898-8D9D-DFC770866282}.Debug|Any CPU.ActiveCfg = Debug|Any CPU
		{EB8C9AE4-EA4B-4898-8D9D-DFC770866282}.Debug|Any CPU.Build.0 = Debug|Any CPU
		{EB8C9AE4-EA4B-4898-8D9D-DFC770866282}.Release|Any CPU.ActiveCfg = Release|Any CPU
		{EB8C9AE4-EA4B-4898-8D9D-DFC770866282}.Release|Any CPU.Build.0 = Release|Any CPU
		{48C31158-946E-4AA3-ACA8-42746781FA96}.Debug|Any CPU.ActiveCfg = Debug|Any CPU
		{48C31158-946E-4AA3-ACA8-42746781FA96}.Debug|Any CPU.Build.0 = Debug|Any CPU
		{48C31158-946E-4AA3-ACA8-42746781FA96}.Release|Any CPU.ActiveCfg = Release|Any CPU
		{48C31158-946E-4AA3-ACA8-42746781FA96}.Release|Any CPU.Build.0 = Release|Any CPU
		{38705388-AA5C-45E2-A410-25E0A02A853B}.Debug|Any CPU.ActiveCfg = Debug|Any CPU
		{38705388-AA5C-45E2-A410-25E0A02A853B}.Debug|Any CPU.Build.0 = Debug|Any CPU
		{38705388-AA5C-45E2-A410-25E0A02A853B}.Release|Any CPU.ActiveCfg = Release|Any CPU
		{38705388-AA5C-45E2-A410-25E0A02A853B}.Release|Any CPU.Build.0 = Release|Any CPU
		{07903F45-FC1E-42D7-A250-5D426EE57B80}.Debug|Any CPU.ActiveCfg = Debug|Any CPU
		{07903F45-FC1E-42D7-A250-5D426EE57B80}.Debug|Any CPU.Build.0 = Debug|Any CPU
		{07903F45-FC1E-42D7-A250-5D426EE57B80}.Release|Any CPU.ActiveCfg = Release|Any CPU
		{07903F45-FC1E-42D7-A250-5D426EE57B80}.Release|Any CPU.Build.0 = Release|Any CPU
		{1D56774B-15FB-43D1-88C0-DE236FBC8113}.Debug|Any CPU.ActiveCfg = Debug|Any CPU
		{1D56774B-15FB-43D1-88C0-DE236FBC8113}.Debug|Any CPU.Build.0 = Debug|Any CPU
		{1D56774B-15FB-43D1-88C0-DE236FBC8113}.Release|Any CPU.ActiveCfg = Release|Any CPU
		{1D56774B-15FB-43D1-88C0-DE236FBC8113}.Release|Any CPU.Build.0 = Release|Any CPU
		{46BD078D-FD39-41D2-B4BB-B97EF2427A03}.Debug|Any CPU.ActiveCfg = Debug|Any CPU
		{46BD078D-FD39-41D2-B4BB-B97EF2427A03}.Debug|Any CPU.Build.0 = Debug|Any CPU
		{46BD078D-FD39-41D2-B4BB-B97EF2427A03}.Release|Any CPU.ActiveCfg = Release|Any CPU
		{46BD078D-FD39-41D2-B4BB-B97EF2427A03}.Release|Any CPU.Build.0 = Release|Any CPU
		{A33B33A2-5351-4094-9734-FDC4D7C6EE51}.Debug|Any CPU.ActiveCfg = Debug|Any CPU
		{A33B33A2-5351-4094-9734-FDC4D7C6EE51}.Debug|Any CPU.Build.0 = Debug|Any CPU
		{A33B33A2-5351-4094-9734-FDC4D7C6EE51}.Release|Any CPU.ActiveCfg = Release|Any CPU
		{A33B33A2-5351-4094-9734-FDC4D7C6EE51}.Release|Any CPU.Build.0 = Release|Any CPU
		{5A762945-610E-4CCF-AB0F-65BC2F79FB22}.Debug|Any CPU.ActiveCfg = Debug|Any CPU
		{5A762945-610E-4CCF-AB0F-65BC2F79FB22}.Debug|Any CPU.Build.0 = Debug|Any CPU
		{5A762945-610E-4CCF-AB0F-65BC2F79FB22}.Release|Any CPU.ActiveCfg = Release|Any CPU
		{5A762945-610E-4CCF-AB0F-65BC2F79FB22}.Release|Any CPU.Build.0 = Release|Any CPU
		{2DD2B9F7-0CBC-41B8-B356-EEB45C1FB0FD}.Debug|Any CPU.ActiveCfg = Debug|Any CPU
		{2DD2B9F7-0CBC-41B8-B356-EEB45C1FB0FD}.Debug|Any CPU.Build.0 = Debug|Any CPU
		{2DD2B9F7-0CBC-41B8-B356-EEB45C1FB0FD}.Release|Any CPU.ActiveCfg = Release|Any CPU
		{2DD2B9F7-0CBC-41B8-B356-EEB45C1FB0FD}.Release|Any CPU.Build.0 = Release|Any CPU
		{FACA8B65-4EE8-4007-9AB3-62DC8828022C}.Debug|Any CPU.ActiveCfg = Debug|Any CPU
		{FACA8B65-4EE8-4007-9AB3-62DC8828022C}.Debug|Any CPU.Build.0 = Debug|Any CPU
		{FACA8B65-4EE8-4007-9AB3-62DC8828022C}.Release|Any CPU.ActiveCfg = Release|Any CPU
		{FACA8B65-4EE8-4007-9AB3-62DC8828022C}.Release|Any CPU.Build.0 = Release|Any CPU
		{EBFABB95-C8E3-4ABA-9B25-59C81241A071}.Debug|Any CPU.ActiveCfg = Debug|Any CPU
		{EBFABB95-C8E3-4ABA-9B25-59C81241A071}.Debug|Any CPU.Build.0 = Debug|Any CPU
		{EBFABB95-C8E3-4ABA-9B25-59C81241A071}.Release|Any CPU.ActiveCfg = Release|Any CPU
		{EBFABB95-C8E3-4ABA-9B25-59C81241A071}.Release|Any CPU.Build.0 = Release|Any CPU
		{68E65AF0-BC9D-4C04-BB6C-B61422442551}.Debug|Any CPU.ActiveCfg = Debug|Any CPU
		{68E65AF0-BC9D-4C04-BB6C-B61422442551}.Debug|Any CPU.Build.0 = Debug|Any CPU
		{68E65AF0-BC9D-4C04-BB6C-B61422442551}.Release|Any CPU.ActiveCfg = Release|Any CPU
		{68E65AF0-BC9D-4C04-BB6C-B61422442551}.Release|Any CPU.Build.0 = Release|Any CPU
		{AF553B1B-9094-4AEA-BED9-5854672252F6}.Debug|Any CPU.ActiveCfg = Debug|Any CPU
		{AF553B1B-9094-4AEA-BED9-5854672252F6}.Debug|Any CPU.Build.0 = Debug|Any CPU
		{AF553B1B-9094-4AEA-BED9-5854672252F6}.Release|Any CPU.ActiveCfg = Release|Any CPU
		{AF553B1B-9094-4AEA-BED9-5854672252F6}.Release|Any CPU.Build.0 = Release|Any CPU
		{74D8D0C5-6BD7-430E-8FB8-71EE721F295D}.Debug|Any CPU.ActiveCfg = Debug|Any CPU
		{74D8D0C5-6BD7-430E-8FB8-71EE721F295D}.Debug|Any CPU.Build.0 = Debug|Any CPU
		{74D8D0C5-6BD7-430E-8FB8-71EE721F295D}.Release|Any CPU.ActiveCfg = Release|Any CPU
		{74D8D0C5-6BD7-430E-8FB8-71EE721F295D}.Release|Any CPU.Build.0 = Release|Any CPU
		{D38A5C0E-51A5-401A-A809-8E214058EEC2}.Debug|Any CPU.ActiveCfg = Debug|Any CPU
		{D38A5C0E-51A5-401A-A809-8E214058EEC2}.Debug|Any CPU.Build.0 = Debug|Any CPU
		{D38A5C0E-51A5-401A-A809-8E214058EEC2}.Release|Any CPU.ActiveCfg = Release|Any CPU
		{D38A5C0E-51A5-401A-A809-8E214058EEC2}.Release|Any CPU.Build.0 = Release|Any CPU
		{DC0D49DB-1013-4B7A-8F78-558AACA32613}.Debug|Any CPU.ActiveCfg = Debug|Any CPU
		{DC0D49DB-1013-4B7A-8F78-558AACA32613}.Debug|Any CPU.Build.0 = Debug|Any CPU
		{DC0D49DB-1013-4B7A-8F78-558AACA32613}.Release|Any CPU.ActiveCfg = Release|Any CPU
		{DC0D49DB-1013-4B7A-8F78-558AACA32613}.Release|Any CPU.Build.0 = Release|Any CPU
		{045CC05C-C9C8-4C9C-801A-73FF84F9ACA0}.Debug|Any CPU.ActiveCfg = Debug|Any CPU
		{045CC05C-C9C8-4C9C-801A-73FF84F9ACA0}.Debug|Any CPU.Build.0 = Debug|Any CPU
		{045CC05C-C9C8-4C9C-801A-73FF84F9ACA0}.Release|Any CPU.ActiveCfg = Release|Any CPU
		{045CC05C-C9C8-4C9C-801A-73FF84F9ACA0}.Release|Any CPU.Build.0 = Release|Any CPU
		{E39CC1E5-F8BF-49FA-BB9E-CAA88E26C308}.Debug|Any CPU.ActiveCfg = Debug|Any CPU
		{E39CC1E5-F8BF-49FA-BB9E-CAA88E26C308}.Debug|Any CPU.Build.0 = Debug|Any CPU
		{E39CC1E5-F8BF-49FA-BB9E-CAA88E26C308}.Release|Any CPU.ActiveCfg = Release|Any CPU
		{E39CC1E5-F8BF-49FA-BB9E-CAA88E26C308}.Release|Any CPU.Build.0 = Release|Any CPU
		{E385AE19-2ED7-45A9-BD8F-514ED7A57B54}.Debug|Any CPU.ActiveCfg = Debug|Any CPU
		{E385AE19-2ED7-45A9-BD8F-514ED7A57B54}.Debug|Any CPU.Build.0 = Debug|Any CPU
		{E385AE19-2ED7-45A9-BD8F-514ED7A57B54}.Release|Any CPU.ActiveCfg = Release|Any CPU
		{E385AE19-2ED7-45A9-BD8F-514ED7A57B54}.Release|Any CPU.Build.0 = Release|Any CPU
		{387AD8EC-4AA7-45C8-B5FD-728605927664}.Debug|Any CPU.ActiveCfg = Debug|Any CPU
		{387AD8EC-4AA7-45C8-B5FD-728605927664}.Debug|Any CPU.Build.0 = Debug|Any CPU
		{387AD8EC-4AA7-45C8-B5FD-728605927664}.Release|Any CPU.ActiveCfg = Release|Any CPU
		{387AD8EC-4AA7-45C8-B5FD-728605927664}.Release|Any CPU.Build.0 = Release|Any CPU
		{3B12E779-295A-4FDB-9088-839BA48B0104}.Debug|Any CPU.ActiveCfg = Debug|Any CPU
		{3B12E779-295A-4FDB-9088-839BA48B0104}.Debug|Any CPU.Build.0 = Debug|Any CPU
		{3B12E779-295A-4FDB-9088-839BA48B0104}.Release|Any CPU.ActiveCfg = Release|Any CPU
		{3B12E779-295A-4FDB-9088-839BA48B0104}.Release|Any CPU.Build.0 = Release|Any CPU
		{56F0B64F-0A8E-454A-9FAB-D9742981B0C7}.Debug|Any CPU.ActiveCfg = Debug|Any CPU
		{56F0B64F-0A8E-454A-9FAB-D9742981B0C7}.Debug|Any CPU.Build.0 = Debug|Any CPU
		{56F0B64F-0A8E-454A-9FAB-D9742981B0C7}.Release|Any CPU.ActiveCfg = Release|Any CPU
		{56F0B64F-0A8E-454A-9FAB-D9742981B0C7}.Release|Any CPU.Build.0 = Release|Any CPU
		{3957D48C-E05D-4375-A8B0-F7EC566696E1}.Debug|Any CPU.ActiveCfg = Debug|Any CPU
		{3957D48C-E05D-4375-A8B0-F7EC566696E1}.Debug|Any CPU.Build.0 = Debug|Any CPU
		{3957D48C-E05D-4375-A8B0-F7EC566696E1}.Release|Any CPU.ActiveCfg = Release|Any CPU
		{3957D48C-E05D-4375-A8B0-F7EC566696E1}.Release|Any CPU.Build.0 = Release|Any CPU
		{48FCC76E-0536-43A9-9480-1EB277A7B350}.Debug|Any CPU.ActiveCfg = Debug|Any CPU
		{48FCC76E-0536-43A9-9480-1EB277A7B350}.Debug|Any CPU.Build.0 = Debug|Any CPU
		{48FCC76E-0536-43A9-9480-1EB277A7B350}.Release|Any CPU.ActiveCfg = Release|Any CPU
		{48FCC76E-0536-43A9-9480-1EB277A7B350}.Release|Any CPU.Build.0 = Release|Any CPU
		{5B1E5B32-3461-4F72-B70D-CD11551A6731}.Debug|Any CPU.ActiveCfg = Debug|Any CPU
		{5B1E5B32-3461-4F72-B70D-CD11551A6731}.Debug|Any CPU.Build.0 = Debug|Any CPU
		{5B1E5B32-3461-4F72-B70D-CD11551A6731}.Release|Any CPU.ActiveCfg = Release|Any CPU
		{5B1E5B32-3461-4F72-B70D-CD11551A6731}.Release|Any CPU.Build.0 = Release|Any CPU
		{21FDA745-A1F8-4647-B424-FC5DD5679BD5}.Debug|Any CPU.ActiveCfg = Debug|Any CPU
		{21FDA745-A1F8-4647-B424-FC5DD5679BD5}.Debug|Any CPU.Build.0 = Debug|Any CPU
		{21FDA745-A1F8-4647-B424-FC5DD5679BD5}.Release|Any CPU.ActiveCfg = Release|Any CPU
		{21FDA745-A1F8-4647-B424-FC5DD5679BD5}.Release|Any CPU.Build.0 = Release|Any CPU
		{1D607AC2-2BA5-42F9-9E57-6E70A7C5F57A}.Debug|Any CPU.ActiveCfg = Debug|Any CPU
		{1D607AC2-2BA5-42F9-9E57-6E70A7C5F57A}.Debug|Any CPU.Build.0 = Debug|Any CPU
		{1D607AC2-2BA5-42F9-9E57-6E70A7C5F57A}.Release|Any CPU.ActiveCfg = Release|Any CPU
		{1D607AC2-2BA5-42F9-9E57-6E70A7C5F57A}.Release|Any CPU.Build.0 = Release|Any CPU
		{6FB4061F-055E-4D90-92C2-E2BE6801D94F}.Debug|Any CPU.ActiveCfg = Debug|Any CPU
		{6FB4061F-055E-4D90-92C2-E2BE6801D94F}.Debug|Any CPU.Build.0 = Debug|Any CPU
		{6FB4061F-055E-4D90-92C2-E2BE6801D94F}.Release|Any CPU.ActiveCfg = Release|Any CPU
		{6FB4061F-055E-4D90-92C2-E2BE6801D94F}.Release|Any CPU.Build.0 = Release|Any CPU
		{4E0C59B5-2891-495A-939B-729C3BF46C3E}.Debug|Any CPU.ActiveCfg = Debug|Any CPU
		{4E0C59B5-2891-495A-939B-729C3BF46C3E}.Debug|Any CPU.Build.0 = Debug|Any CPU
		{4E0C59B5-2891-495A-939B-729C3BF46C3E}.Release|Any CPU.ActiveCfg = Release|Any CPU
		{4E0C59B5-2891-495A-939B-729C3BF46C3E}.Release|Any CPU.Build.0 = Release|Any CPU
		{D8D64B22-5D76-46DA-8CE8-9C0D4C099023}.Debug|Any CPU.ActiveCfg = Debug|Any CPU
		{D8D64B22-5D76-46DA-8CE8-9C0D4C099023}.Debug|Any CPU.Build.0 = Debug|Any CPU
		{D8D64B22-5D76-46DA-8CE8-9C0D4C099023}.Release|Any CPU.ActiveCfg = Release|Any CPU
		{D8D64B22-5D76-46DA-8CE8-9C0D4C099023}.Release|Any CPU.Build.0 = Release|Any CPU
		{A44BF1FB-ABF2-49CC-A0A7-6131DF7CB6D7}.Debug|Any CPU.ActiveCfg = Debug|Any CPU
		{A44BF1FB-ABF2-49CC-A0A7-6131DF7CB6D7}.Debug|Any CPU.Build.0 = Debug|Any CPU
		{A44BF1FB-ABF2-49CC-A0A7-6131DF7CB6D7}.Release|Any CPU.ActiveCfg = Release|Any CPU
		{A44BF1FB-ABF2-49CC-A0A7-6131DF7CB6D7}.Release|Any CPU.Build.0 = Release|Any CPU
		{AF5309E1-8B75-4C1F-A32C-C234EA65AEE5}.Debug|Any CPU.ActiveCfg = Debug|Any CPU
		{AF5309E1-8B75-4C1F-A32C-C234EA65AEE5}.Debug|Any CPU.Build.0 = Debug|Any CPU
		{AF5309E1-8B75-4C1F-A32C-C234EA65AEE5}.Release|Any CPU.ActiveCfg = Release|Any CPU
		{AF5309E1-8B75-4C1F-A32C-C234EA65AEE5}.Release|Any CPU.Build.0 = Release|Any CPU
		{56FBB251-58E1-450D-BD28-225F3837E679}.Debug|Any CPU.ActiveCfg = Debug|Any CPU
		{56FBB251-58E1-450D-BD28-225F3837E679}.Debug|Any CPU.Build.0 = Debug|Any CPU
		{56FBB251-58E1-450D-BD28-225F3837E679}.Release|Any CPU.ActiveCfg = Release|Any CPU
		{56FBB251-58E1-450D-BD28-225F3837E679}.Release|Any CPU.Build.0 = Release|Any CPU
		{AFAE86F3-394F-4E4E-BC5A-6B412CBF4296}.Debug|Any CPU.ActiveCfg = Debug|Any CPU
		{AFAE86F3-394F-4E4E-BC5A-6B412CBF4296}.Debug|Any CPU.Build.0 = Debug|Any CPU
		{AFAE86F3-394F-4E4E-BC5A-6B412CBF4296}.Release|Any CPU.ActiveCfg = Release|Any CPU
		{AFAE86F3-394F-4E4E-BC5A-6B412CBF4296}.Release|Any CPU.Build.0 = Release|Any CPU
		{9FC99B26-D2D0-42ED-B1D0-AA3285B9155D}.Debug|Any CPU.ActiveCfg = Debug|Any CPU
		{9FC99B26-D2D0-42ED-B1D0-AA3285B9155D}.Debug|Any CPU.Build.0 = Debug|Any CPU
		{9FC99B26-D2D0-42ED-B1D0-AA3285B9155D}.Release|Any CPU.ActiveCfg = Release|Any CPU
		{9FC99B26-D2D0-42ED-B1D0-AA3285B9155D}.Release|Any CPU.Build.0 = Release|Any CPU
		{6813237E-A0C3-42D7-A77C-D9D41202AB6D}.Debug|Any CPU.ActiveCfg = Debug|Any CPU
		{6813237E-A0C3-42D7-A77C-D9D41202AB6D}.Debug|Any CPU.Build.0 = Debug|Any CPU
		{6813237E-A0C3-42D7-A77C-D9D41202AB6D}.Release|Any CPU.ActiveCfg = Release|Any CPU
		{6813237E-A0C3-42D7-A77C-D9D41202AB6D}.Release|Any CPU.Build.0 = Release|Any CPU
		{0763FEF3-543F-4668-B66A-EDA4DFA66F16}.Debug|Any CPU.ActiveCfg = Debug|Any CPU
		{0763FEF3-543F-4668-B66A-EDA4DFA66F16}.Debug|Any CPU.Build.0 = Debug|Any CPU
		{0763FEF3-543F-4668-B66A-EDA4DFA66F16}.Release|Any CPU.ActiveCfg = Release|Any CPU
		{0763FEF3-543F-4668-B66A-EDA4DFA66F16}.Release|Any CPU.Build.0 = Release|Any CPU
		{FB8849E3-55C6-4AA7-BCA9-DEAB2D006D94}.Debug|Any CPU.ActiveCfg = Debug|Any CPU
		{FB8849E3-55C6-4AA7-BCA9-DEAB2D006D94}.Debug|Any CPU.Build.0 = Debug|Any CPU
		{FB8849E3-55C6-4AA7-BCA9-DEAB2D006D94}.Release|Any CPU.ActiveCfg = Release|Any CPU
		{FB8849E3-55C6-4AA7-BCA9-DEAB2D006D94}.Release|Any CPU.Build.0 = Release|Any CPU
		{8023B115-F1A9-461B-8BB8-AB23DEF9D9FF}.Debug|Any CPU.ActiveCfg = Debug|Any CPU
		{8023B115-F1A9-461B-8BB8-AB23DEF9D9FF}.Debug|Any CPU.Build.0 = Debug|Any CPU
		{8023B115-F1A9-461B-8BB8-AB23DEF9D9FF}.Release|Any CPU.ActiveCfg = Release|Any CPU
		{8023B115-F1A9-461B-8BB8-AB23DEF9D9FF}.Release|Any CPU.Build.0 = Release|Any CPU
		{48E76BC4-8182-4138-B690-C47B8080D3B9}.Debug|Any CPU.ActiveCfg = Debug|Any CPU
		{48E76BC4-8182-4138-B690-C47B8080D3B9}.Debug|Any CPU.Build.0 = Debug|Any CPU
		{48E76BC4-8182-4138-B690-C47B8080D3B9}.Release|Any CPU.ActiveCfg = Release|Any CPU
		{48E76BC4-8182-4138-B690-C47B8080D3B9}.Release|Any CPU.Build.0 = Release|Any CPU
	EndGlobalSection
	GlobalSection(SolutionProperties) = preSolution
		HideSolutionNode = FALSE
	EndGlobalSection
	GlobalSection(NestedProjects) = preSolution
		{BE2314E7-BA21-485C-93F1-F4BE48AF0E5D} = {28E278BF-532C-4696-ADCD-AF932FD6D0A6}
		{D4C1F96A-0A82-4C7C-94FD-0EC6379F1092} = {28E278BF-532C-4696-ADCD-AF932FD6D0A6}
		{DBE5B71C-6189-4BFC-8608-B1E610B896B9} = {28E278BF-532C-4696-ADCD-AF932FD6D0A6}
		{B3CBC0A6-1089-47B2-BFCA-3739FF49A215} = {DBE5B71C-6189-4BFC-8608-B1E610B896B9}
		{43F337AF-EB3E-4FD9-BAFE-2EC7D739D9D7} = {BE2314E7-BA21-485C-93F1-F4BE48AF0E5D}
		{2F19FC5B-E034-4C03-AD11-45DF9AE9549D} = {BE2314E7-BA21-485C-93F1-F4BE48AF0E5D}
		{AA2AE231-3270-4CCC-90CA-D3AA4DFB3841} = {28E278BF-532C-4696-ADCD-AF932FD6D0A6}
		{CC0946BA-E419-4771-A531-2FDF15995D84} = {28E278BF-532C-4696-ADCD-AF932FD6D0A6}
		{E44B023C-DA8F-4183-9CD5-BCB8BA6CAB7B} = {28E278BF-532C-4696-ADCD-AF932FD6D0A6}
		{D0E88D3E-0AF1-4F33-AD21-DC9E7374948D} = {D4C1F96A-0A82-4C7C-94FD-0EC6379F1092}
		{5105D7C7-7412-42D7-B94D-BCF91E66A14E} = {D4C1F96A-0A82-4C7C-94FD-0EC6379F1092}
		{C36C3B4E-97D8-4265-A18A-7F3319FEBA39} = {AA2AE231-3270-4CCC-90CA-D3AA4DFB3841}
		{A68626FA-A3F2-4A94-8C00-AA8CCF662878} = {AA2AE231-3270-4CCC-90CA-D3AA4DFB3841}
		{C4CE40E3-A05D-465F-A114-7C047CF5E65C} = {CC0946BA-E419-4771-A531-2FDF15995D84}
		{1244D227-D6E8-4442-B9DC-E40AEDA8AEB3} = {CC0946BA-E419-4771-A531-2FDF15995D84}
		{EA624B97-A454-4F55-ABB6-FC3A17A0B976} = {E44B023C-DA8F-4183-9CD5-BCB8BA6CAB7B}
		{E70B8CC6-0078-46A2-9162-765EE7BEE7B0} = {E44B023C-DA8F-4183-9CD5-BCB8BA6CAB7B}
		{D99C4C1B-BE97-4D43-B7DB-DC7914217DB9} = {BC7833C3-3672-4BE9-8E11-8EEE14ADF585}
		{EB8C9AE4-EA4B-4898-8D9D-DFC770866282} = {8436A0AA-4321-40FB-842A-7CD8D1EF7185}
		{48C31158-946E-4AA3-ACA8-42746781FA96} = {8436A0AA-4321-40FB-842A-7CD8D1EF7185}
		{38705388-AA5C-45E2-A410-25E0A02A853B} = {11C7ED4A-C495-40D1-B5AF-26656B9D2EE7}
		{07903F45-FC1E-42D7-A250-5D426EE57B80} = {D158E845-51F7-4564-8AD1-AECFB8891B7E}
		{1D56774B-15FB-43D1-88C0-DE236FBC8113} = {88D33703-09FC-4121-B04D-DA8218C131E6}
		{46BD078D-FD39-41D2-B4BB-B97EF2427A03} = {FD505E28-1072-416A-95FD-DD058233F0DA}
		{A33B33A2-5351-4094-9734-FDC4D7C6EE51} = {FD505E28-1072-416A-95FD-DD058233F0DA}
		{5A762945-610E-4CCF-AB0F-65BC2F79FB22} = {1353FB95-F35D-4686-922A-66533B57C677}
		{2DD2B9F7-0CBC-41B8-B356-EEB45C1FB0FD} = {1353FB95-F35D-4686-922A-66533B57C677}
		{FACA8B65-4EE8-4007-9AB3-62DC8828022C} = {1353FB95-F35D-4686-922A-66533B57C677}
		{EBFABB95-C8E3-4ABA-9B25-59C81241A071} = {88D33703-09FC-4121-B04D-DA8218C131E6}
		{68E65AF0-BC9D-4C04-BB6C-B61422442551} = {ABCBA1BF-77F3-43AE-8628-3501B6CCD9CF}
		{AF553B1B-9094-4AEA-BED9-5854672252F6} = {114EAEC4-8037-4C6F-807C-A5A0E5145A5F}
		{74D8D0C5-6BD7-430E-8FB8-71EE721F295D} = {114EAEC4-8037-4C6F-807C-A5A0E5145A5F}
		{D38A5C0E-51A5-401A-A809-8E214058EEC2} = {114EAEC4-8037-4C6F-807C-A5A0E5145A5F}
		{DC0D49DB-1013-4B7A-8F78-558AACA32613} = {114EAEC4-8037-4C6F-807C-A5A0E5145A5F}
		{045CC05C-C9C8-4C9C-801A-73FF84F9ACA0} = {E1D282F1-276F-410B-B866-4E4503AE134B}
		{E39CC1E5-F8BF-49FA-BB9E-CAA88E26C308} = {6742B29C-4423-4A99-BCD1-FF014469A133}
		{E385AE19-2ED7-45A9-BD8F-514ED7A57B54} = {6742B29C-4423-4A99-BCD1-FF014469A133}
		{387AD8EC-4AA7-45C8-B5FD-728605927664} = {6742B29C-4423-4A99-BCD1-FF014469A133}
		{3B12E779-295A-4FDB-9088-839BA48B0104} = {0448EA1C-5F38-4A61-97B5-4A583F441A24}
		{56F0B64F-0A8E-454A-9FAB-D9742981B0C7} = {287FD755-3171-450C-9B5D-7A8F4D68EF48}
		{3957D48C-E05D-4375-A8B0-F7EC566696E1} = {8B91892F-DDC9-46B2-B90A-E01ACCE8450E}
		{48FCC76E-0536-43A9-9480-1EB277A7B350} = {8B91892F-DDC9-46B2-B90A-E01ACCE8450E}
		{5B1E5B32-3461-4F72-B70D-CD11551A6731} = {8B91892F-DDC9-46B2-B90A-E01ACCE8450E}
		{21FDA745-A1F8-4647-B424-FC5DD5679BD5} = {8B91892F-DDC9-46B2-B90A-E01ACCE8450E}
		{1D607AC2-2BA5-42F9-9E57-6E70A7C5F57A} = {8B91892F-DDC9-46B2-B90A-E01ACCE8450E}
		{6FB4061F-055E-4D90-92C2-E2BE6801D94F} = {8B91892F-DDC9-46B2-B90A-E01ACCE8450E}
		{4E0C59B5-2891-495A-939B-729C3BF46C3E} = {72F5B996-4A96-4875-B38A-CEE4A1A79931}
		{D8D64B22-5D76-46DA-8CE8-9C0D4C099023} = {72F5B996-4A96-4875-B38A-CEE4A1A79931}
		{A44BF1FB-ABF2-49CC-A0A7-6131DF7CB6D7} = {72F5B996-4A96-4875-B38A-CEE4A1A79931}
		{AF5309E1-8B75-4C1F-A32C-C234EA65AEE5} = {EBC35159-1D77-4A90-948F-D3F493349338}
		{56FBB251-58E1-450D-BD28-225F3837E679} = {9E306FC6-619B-47A7-B1EB-BEC4523911BA}
		{AFAE86F3-394F-4E4E-BC5A-6B412CBF4296} = {9E306FC6-619B-47A7-B1EB-BEC4523911BA}
		{9FC99B26-D2D0-42ED-B1D0-AA3285B9155D} = {C02CE1FE-AB1F-4391-9AFD-6FF64DBB828C}
		{6813237E-A0C3-42D7-A77C-D9D41202AB6D} = {C02CE1FE-AB1F-4391-9AFD-6FF64DBB828C}
		{0763FEF3-543F-4668-B66A-EDA4DFA66F16} = {C02CE1FE-AB1F-4391-9AFD-6FF64DBB828C}
		{FB8849E3-55C6-4AA7-BCA9-DEAB2D006D94} = {99F06F34-E19D-4EC8-9C63-72657886589C}
		{8023B115-F1A9-461B-8BB8-AB23DEF9D9FF} = {142E34BB-CD82-4C6F-8035-FAC5963B751E}
		{48E76BC4-8182-4138-B690-C47B8080D3B9} = {8B91892F-DDC9-46B2-B90A-E01ACCE8450E}
	EndGlobalSection
	GlobalSection(ExtensibilityGlobals) = postSolution
		SolutionGuid = {FE061AE2-9B5D-46BE-8786-74B7779BB62F}
	EndGlobalSection
EndGlobal
