
Microsoft Visual Studio Solution File, Format Version 12.00
# Visual Studio 15
VisualStudioVersion = 15.0.27703.2042
MinimumVisualStudioVersion = 10.0.40219.1
Project("{FAE04EC0-301F-11D3-BF4B-00C04F79EFBC}") = "ChainOfResponsibility", "ChainOfResponsibility\ChainOfResponsibility.csproj", "{26595D13-67F2-476B-9DF9-B3BD43EC2B5B}"
EndProject
Project("{FAE04EC0-301F-11D3-BF4B-00C04F79EFBC}") = "FactoryMethod", "FactoryMethod\FactoryMethod.csproj", "{8D8774D0-6D20-4785-AEEB-9CF06DE8BC92}"
EndProject
Project("{FAE04EC0-301F-11D3-BF4B-00C04F79EFBC}") = "AbstractFactory", "AbstractFactory\AbstractFactory.csproj", "{1D798DAD-84F3-4572-A282-EB9FDE66D887}"
EndProject
Project("{FAE04EC0-301F-11D3-BF4B-00C04F79EFBC}") = "Iterator", "Iterator\Iterator.csproj", "{34746F63-FCB5-40CC-BFC0-DD491FF304C7}"
EndProject
Project("{FAE04EC0-301F-11D3-BF4B-00C04F79EFBC}") = "Protytype", "Protytype\Protytype.csproj", "{B996CD24-9C98-4AFB-8FC4-C46C9F682082}"
EndProject
Project("{FAE04EC0-301F-11D3-BF4B-00C04F79EFBC}") = "Adapter", "Adapter\Adapter.csproj", "{502F5961-1641-41FB-B697-F057D6527CD6}"
EndProject
Project("{FAE04EC0-301F-11D3-BF4B-00C04F79EFBC}") = "Facade", "Facade\Facade.csproj", "{78475A92-230F-42E8-AD6E-B05B75A0B2CE}"
EndProject
Project("{FAE04EC0-301F-11D3-BF4B-00C04F79EFBC}") = "Singleton", "Singleton\Singleton.csproj", "{1D5D9DD0-58DE-4744-9EED-69365D541BA6}"
EndProject
Project("{FAE04EC0-301F-11D3-BF4B-00C04F79EFBC}") = "SimpleFactry", "SimpleFactry\SimpleFactry.csproj", "{83D160AA-5450-44CA-BE7E-06EFE1E15D07}"
EndProject
Project("{FAE04EC0-301F-11D3-BF4B-00C04F79EFBC}") = "Template", "Template\Template.csproj", "{40474D4C-B994-478D-90AF-CC8BB9B83A2D}"
EndProject
Project("{FAE04EC0-301F-11D3-BF4B-00C04F79EFBC}") = "State", "State\State.csproj", "{1922EEEC-0619-41A5-BA3E-6BBF6B4CDFDC}"
EndProject
Project("{FAE04EC0-301F-11D3-BF4B-00C04F79EFBC}") = "Strategy", "Strategy\Strategy.csproj", "{57902E9A-0D9C-4147-A6A7-60BDD880C17A}"
EndProject
Project("{FAE04EC0-301F-11D3-BF4B-00C04F79EFBC}") = "Momento", "Momento\Momento.csproj", "{F6936B10-E112-46FB-BDA0-C8C17F05CAF2}"
EndProject
Project("{FAE04EC0-301F-11D3-BF4B-00C04F79EFBC}") = "Decorator", "Decorator\Decorator.csproj", "{AEF677B9-C131-4F15-A629-6BD71659E037}"
EndProject
Project("{FAE04EC0-301F-11D3-BF4B-00C04F79EFBC}") = "Proxy", "Proxy\Proxy.csproj", "{24A05D1D-EF03-44D3-8748-3C110C489108}"
EndProject
Global
	GlobalSection(SolutionConfigurationPlatforms) = preSolution
		Debug|Any CPU = Debug|Any CPU
		Release|Any CPU = Release|Any CPU
	EndGlobalSection
	GlobalSection(ProjectConfigurationPlatforms) = postSolution
		{26595D13-67F2-476B-9DF9-B3BD43EC2B5B}.Debug|Any CPU.ActiveCfg = Debug|Any CPU
		{26595D13-67F2-476B-9DF9-B3BD43EC2B5B}.Debug|Any CPU.Build.0 = Debug|Any CPU
		{26595D13-67F2-476B-9DF9-B3BD43EC2B5B}.Release|Any CPU.ActiveCfg = Release|Any CPU
		{26595D13-67F2-476B-9DF9-B3BD43EC2B5B}.Release|Any CPU.Build.0 = Release|Any CPU
		{8D8774D0-6D20-4785-AEEB-9CF06DE8BC92}.Debug|Any CPU.ActiveCfg = Debug|Any CPU
		{8D8774D0-6D20-4785-AEEB-9CF06DE8BC92}.Debug|Any CPU.Build.0 = Debug|Any CPU
		{8D8774D0-6D20-4785-AEEB-9CF06DE8BC92}.Release|Any CPU.ActiveCfg = Release|Any CPU
		{8D8774D0-6D20-4785-AEEB-9CF06DE8BC92}.Release|Any CPU.Build.0 = Release|Any CPU
		{1D798DAD-84F3-4572-A282-EB9FDE66D887}.Debug|Any CPU.ActiveCfg = Debug|Any CPU
		{1D798DAD-84F3-4572-A282-EB9FDE66D887}.Debug|Any CPU.Build.0 = Debug|Any CPU
		{1D798DAD-84F3-4572-A282-EB9FDE66D887}.Release|Any CPU.ActiveCfg = Release|Any CPU
		{1D798DAD-84F3-4572-A282-EB9FDE66D887}.Release|Any CPU.Build.0 = Release|Any CPU
		{34746F63-FCB5-40CC-BFC0-DD491FF304C7}.Debug|Any CPU.ActiveCfg = Debug|Any CPU
		{34746F63-FCB5-40CC-BFC0-DD491FF304C7}.Debug|Any CPU.Build.0 = Debug|Any CPU
		{34746F63-FCB5-40CC-BFC0-DD491FF304C7}.Release|Any CPU.ActiveCfg = Release|Any CPU
		{34746F63-FCB5-40CC-BFC0-DD491FF304C7}.Release|Any CPU.Build.0 = Release|Any CPU
		{B996CD24-9C98-4AFB-8FC4-C46C9F682082}.Debug|Any CPU.ActiveCfg = Debug|Any CPU
		{B996CD24-9C98-4AFB-8FC4-C46C9F682082}.Debug|Any CPU.Build.0 = Debug|Any CPU
		{B996CD24-9C98-4AFB-8FC4-C46C9F682082}.Release|Any CPU.ActiveCfg = Release|Any CPU
		{B996CD24-9C98-4AFB-8FC4-C46C9F682082}.Release|Any CPU.Build.0 = Release|Any CPU
		{502F5961-1641-41FB-B697-F057D6527CD6}.Debug|Any CPU.ActiveCfg = Debug|Any CPU
		{502F5961-1641-41FB-B697-F057D6527CD6}.Debug|Any CPU.Build.0 = Debug|Any CPU
		{502F5961-1641-41FB-B697-F057D6527CD6}.Release|Any CPU.ActiveCfg = Release|Any CPU
		{502F5961-1641-41FB-B697-F057D6527CD6}.Release|Any CPU.Build.0 = Release|Any CPU
		{78475A92-230F-42E8-AD6E-B05B75A0B2CE}.Debug|Any CPU.ActiveCfg = Debug|Any CPU
		{78475A92-230F-42E8-AD6E-B05B75A0B2CE}.Debug|Any CPU.Build.0 = Debug|Any CPU
		{78475A92-230F-42E8-AD6E-B05B75A0B2CE}.Release|Any CPU.ActiveCfg = Release|Any CPU
		{78475A92-230F-42E8-AD6E-B05B75A0B2CE}.Release|Any CPU.Build.0 = Release|Any CPU
		{1D5D9DD0-58DE-4744-9EED-69365D541BA6}.Debug|Any CPU.ActiveCfg = Debug|Any CPU
		{1D5D9DD0-58DE-4744-9EED-69365D541BA6}.Debug|Any CPU.Build.0 = Debug|Any CPU
		{1D5D9DD0-58DE-4744-9EED-69365D541BA6}.Release|Any CPU.ActiveCfg = Release|Any CPU
		{1D5D9DD0-58DE-4744-9EED-69365D541BA6}.Release|Any CPU.Build.0 = Release|Any CPU
		{83D160AA-5450-44CA-BE7E-06EFE1E15D07}.Debug|Any CPU.ActiveCfg = Debug|Any CPU
		{83D160AA-5450-44CA-BE7E-06EFE1E15D07}.Debug|Any CPU.Build.0 = Debug|Any CPU
		{83D160AA-5450-44CA-BE7E-06EFE1E15D07}.Release|Any CPU.ActiveCfg = Release|Any CPU
		{83D160AA-5450-44CA-BE7E-06EFE1E15D07}.Release|Any CPU.Build.0 = Release|Any CPU
		{40474D4C-B994-478D-90AF-CC8BB9B83A2D}.Debug|Any CPU.ActiveCfg = Debug|Any CPU
		{40474D4C-B994-478D-90AF-CC8BB9B83A2D}.Debug|Any CPU.Build.0 = Debug|Any CPU
		{40474D4C-B994-478D-90AF-CC8BB9B83A2D}.Release|Any CPU.ActiveCfg = Release|Any CPU
		{40474D4C-B994-478D-90AF-CC8BB9B83A2D}.Release|Any CPU.Build.0 = Release|Any CPU
		{1922EEEC-0619-41A5-BA3E-6BBF6B4CDFDC}.Debug|Any CPU.ActiveCfg = Debug|Any CPU
		{1922EEEC-0619-41A5-BA3E-6BBF6B4CDFDC}.Debug|Any CPU.Build.0 = Debug|Any CPU
		{1922EEEC-0619-41A5-BA3E-6BBF6B4CDFDC}.Release|Any CPU.ActiveCfg = Release|Any CPU
		{1922EEEC-0619-41A5-BA3E-6BBF6B4CDFDC}.Release|Any CPU.Build.0 = Release|Any CPU
		{57902E9A-0D9C-4147-A6A7-60BDD880C17A}.Debug|Any CPU.ActiveCfg = Debug|Any CPU
		{57902E9A-0D9C-4147-A6A7-60BDD880C17A}.Debug|Any CPU.Build.0 = Debug|Any CPU
		{57902E9A-0D9C-4147-A6A7-60BDD880C17A}.Release|Any CPU.ActiveCfg = Release|Any CPU
		{57902E9A-0D9C-4147-A6A7-60BDD880C17A}.Release|Any CPU.Build.0 = Release|Any CPU
		{F6936B10-E112-46FB-BDA0-C8C17F05CAF2}.Debug|Any CPU.ActiveCfg = Debug|Any CPU
		{F6936B10-E112-46FB-BDA0-C8C17F05CAF2}.Debug|Any CPU.Build.0 = Debug|Any CPU
		{F6936B10-E112-46FB-BDA0-C8C17F05CAF2}.Release|Any CPU.ActiveCfg = Release|Any CPU
		{F6936B10-E112-46FB-BDA0-C8C17F05CAF2}.Release|Any CPU.Build.0 = Release|Any CPU
		{AEF677B9-C131-4F15-A629-6BD71659E037}.Debug|Any CPU.ActiveCfg = Debug|Any CPU
		{AEF677B9-C131-4F15-A629-6BD71659E037}.Debug|Any CPU.Build.0 = Debug|Any CPU
		{AEF677B9-C131-4F15-A629-6BD71659E037}.Release|Any CPU.ActiveCfg = Release|Any CPU
		{AEF677B9-C131-4F15-A629-6BD71659E037}.Release|Any CPU.Build.0 = Release|Any CPU
		{24A05D1D-EF03-44D3-8748-3C110C489108}.Debug|Any CPU.ActiveCfg = Debug|Any CPU
		{24A05D1D-EF03-44D3-8748-3C110C489108}.Debug|Any CPU.Build.0 = Debug|Any CPU
		{24A05D1D-EF03-44D3-8748-3C110C489108}.Release|Any CPU.ActiveCfg = Release|Any CPU
		{24A05D1D-EF03-44D3-8748-3C110C489108}.Release|Any CPU.Build.0 = Release|Any CPU
	EndGlobalSection
	GlobalSection(SolutionProperties) = preSolution
		HideSolutionNode = FALSE
	EndGlobalSection
	GlobalSection(ExtensibilityGlobals) = postSolution
		SolutionGuid = {FE061AE2-9B5D-46BE-8786-74B7779BB62F}
	EndGlobalSection
EndGlobal
