
Microsoft Visual Studio Solution File, Format Version 12.00
# Visual Studio 15
VisualStudioVersion = 15.0.27703.2047
MinimumVisualStudioVersion = 10.0.40219.1
Project("{FAE04EC0-301F-11D3-BF4B-00C04F79EFBC}") = "00_Original", "00_Original\00_Original.csproj", "{3BE907F5-56AD-4B71-A11B-317528EBBB6B}"
EndProject
Project("{FAE04EC0-301F-11D3-BF4B-00C04F79EFBC}") = "01_ChainOfResponsibility", "01_ChainOfResponsibility\01_ChainOfResponsibility.csproj", "{FDE1325B-B372-4FFA-8297-6EBF276620DA}"
EndProject
Global
	GlobalSection(SolutionConfigurationPlatforms) = preSolution
		Debug|Any CPU = Debug|Any CPU
		Release|Any CPU = Release|Any CPU
	EndGlobalSection
	GlobalSection(ProjectConfigurationPlatforms) = postSolution
		{3BE907F5-56AD-4B71-A11B-317528EBBB6B}.Debug|Any CPU.ActiveCfg = Debug|Any CPU
		{3BE907F5-56AD-4B71-A11B-317528EBBB6B}.Debug|Any CPU.Build.0 = Debug|Any CPU
		{3BE907F5-56AD-4B71-A11B-317528EBBB6B}.Release|Any CPU.ActiveCfg = Release|Any CPU
		{3BE907F5-56AD-4B71-A11B-317528EBBB6B}.Release|Any CPU.Build.0 = Release|Any CPU
		{FDE1325B-B372-4FFA-8297-6EBF276620DA}.Debug|Any CPU.ActiveCfg = Debug|Any CPU
		{FDE1325B-B372-4FFA-8297-6EBF276620DA}.Debug|Any CPU.Build.0 = Debug|Any CPU
		{FDE1325B-B372-4FFA-8297-6EBF276620DA}.Release|Any CPU.ActiveCfg = Release|Any CPU
		{FDE1325B-B372-4FFA-8297-6EBF276620DA}.Release|Any CPU.Build.0 = Release|Any CPU
	EndGlobalSection
	GlobalSection(SolutionProperties) = preSolution
		HideSolutionNode = FALSE
	EndGlobalSection
	GlobalSection(ExtensibilityGlobals) = postSolution
		SolutionGuid = {A1EC7B6D-CF8F-4899-86EA-EA7FA5011779}
	EndGlobalSection
EndGlobal
